
Microsoft Visual Studio Solution File, Format Version 12.00
# Visual Studio 14
VisualStudioVersion = 14.0.24720.0
MinimumVisualStudioVersion = 10.0.40219.1
Project("{FAE04EC0-301F-11D3-BF4B-00C04F79EFBC}") = "JoyConToPC.Input", "JoyConToPC.Input\JoyConToPC.Input.csproj", "{E72BDB8D-362D-4F15-A6F2-E02E699B09F8}"
EndProject
Project("{FAE04EC0-301F-11D3-BF4B-00C04F79EFBC}") = "JoyConToPC.Core", "JoyConToPC.Core\JoyConToPC.Core.csproj", "{887857BE-1AFE-4DF1-8540-641EC439C094}"
EndProject
Project("{FAE04EC0-301F-11D3-BF4B-00C04F79EFBC}") = "JoyConToPC.VJoy", "JoyConToPC.VJoy\JoyConToPC.VJoy.csproj", "{33088C70-06C3-4454-9837-388D5B01E7C7}"
EndProject
Project("{FAE04EC0-301F-11D3-BF4B-00C04F79EFBC}") = "JoyConToPC.Service", "JoyConToPC.Service\JoyConToPC.Service.csproj", "{CE6279EA-511F-4F21-9E5C-9CF53FF45A84}"
EndProject
Project("{FAE04EC0-301F-11D3-BF4B-00C04F79EFBC}") = "JoyConToPC.Common", "JoyConToPC.Common\JoyConToPC.Common.csproj", "{C849DA12-577F-4185-8FA7-C92375CDB466}"
EndProject
Project("{FAE04EC0-301F-11D3-BF4B-00C04F79EFBC}") = "JoyConToPC.API", "JoyConToPC.API\JoyConToPC.API.csproj", "{2E9CD0CE-7129-4FE1-A2D8-2B2DBEB65090}"
EndProject
Project("{FAE04EC0-301F-11D3-BF4B-00C04F79EFBC}") = "JoyConToPC.Service.Base", "JoyConToPC.Service.Base\JoyConToPC.Service.Base.csproj", "{A8E4839A-EECC-48B5-97CA-45B77FD75035}"
EndProject
Project("{FAE04EC0-301F-11D3-BF4B-00C04F79EFBC}") = "JoyConToPC.Service.Test", "JoyConToPC.Service.Test\JoyConToPC.Service.Test.csproj", "{8FA1AB82-FC35-4955-9C76-159786B71EEF}"
EndProject
Project("{FAE04EC0-301F-11D3-BF4B-00C04F79EFBC}") = "JoyConToPC.TrayIcon", "JoyConToPC.TrayIcon\JoyConToPC.TrayIcon.csproj", "{EEAEFC1A-322B-41EB-A5F1-1B7EE6702A62}"
EndProject
Global
	GlobalSection(SolutionConfigurationPlatforms) = preSolution
		Debug|Any CPU = Debug|Any CPU
		Debug|ARM = Debug|ARM
		Debug|x64 = Debug|x64
		Debug|x86 = Debug|x86
		Release|Any CPU = Release|Any CPU
		Release|ARM = Release|ARM
		Release|x64 = Release|x64
		Release|x86 = Release|x86
	EndGlobalSection
	GlobalSection(ProjectConfigurationPlatforms) = postSolution
		{E72BDB8D-362D-4F15-A6F2-E02E699B09F8}.Debug|Any CPU.ActiveCfg = Debug|Any CPU
		{E72BDB8D-362D-4F15-A6F2-E02E699B09F8}.Debug|Any CPU.Build.0 = Debug|Any CPU
		{E72BDB8D-362D-4F15-A6F2-E02E699B09F8}.Debug|ARM.ActiveCfg = Debug|Any CPU
		{E72BDB8D-362D-4F15-A6F2-E02E699B09F8}.Debug|ARM.Build.0 = Debug|Any CPU
		{E72BDB8D-362D-4F15-A6F2-E02E699B09F8}.Debug|x64.ActiveCfg = Debug|x64
		{E72BDB8D-362D-4F15-A6F2-E02E699B09F8}.Debug|x64.Build.0 = Debug|x64
		{E72BDB8D-362D-4F15-A6F2-E02E699B09F8}.Debug|x86.ActiveCfg = Debug|Any CPU
		{E72BDB8D-362D-4F15-A6F2-E02E699B09F8}.Debug|x86.Build.0 = Debug|Any CPU
		{E72BDB8D-362D-4F15-A6F2-E02E699B09F8}.Release|Any CPU.ActiveCfg = Release|Any CPU
		{E72BDB8D-362D-4F15-A6F2-E02E699B09F8}.Release|Any CPU.Build.0 = Release|Any CPU
		{E72BDB8D-362D-4F15-A6F2-E02E699B09F8}.Release|ARM.ActiveCfg = Release|Any CPU
		{E72BDB8D-362D-4F15-A6F2-E02E699B09F8}.Release|ARM.Build.0 = Release|Any CPU
		{E72BDB8D-362D-4F15-A6F2-E02E699B09F8}.Release|x64.ActiveCfg = Release|x64
		{E72BDB8D-362D-4F15-A6F2-E02E699B09F8}.Release|x64.Build.0 = Release|x64
		{E72BDB8D-362D-4F15-A6F2-E02E699B09F8}.Release|x86.ActiveCfg = Release|Any CPU
		{E72BDB8D-362D-4F15-A6F2-E02E699B09F8}.Release|x86.Build.0 = Release|Any CPU
		{887857BE-1AFE-4DF1-8540-641EC439C094}.Debug|Any CPU.ActiveCfg = Debug|Any CPU
		{887857BE-1AFE-4DF1-8540-641EC439C094}.Debug|Any CPU.Build.0 = Debug|Any CPU
		{887857BE-1AFE-4DF1-8540-641EC439C094}.Debug|ARM.ActiveCfg = Debug|Any CPU
		{887857BE-1AFE-4DF1-8540-641EC439C094}.Debug|ARM.Build.0 = Debug|Any CPU
		{887857BE-1AFE-4DF1-8540-641EC439C094}.Debug|x64.ActiveCfg = Debug|x64
		{887857BE-1AFE-4DF1-8540-641EC439C094}.Debug|x64.Build.0 = Debug|x64
		{887857BE-1AFE-4DF1-8540-641EC439C094}.Debug|x86.ActiveCfg = Debug|Any CPU
		{887857BE-1AFE-4DF1-8540-641EC439C094}.Debug|x86.Build.0 = Debug|Any CPU
		{887857BE-1AFE-4DF1-8540-641EC439C094}.Release|Any CPU.ActiveCfg = Release|Any CPU
		{887857BE-1AFE-4DF1-8540-641EC439C094}.Release|Any CPU.Build.0 = Release|Any CPU
		{887857BE-1AFE-4DF1-8540-641EC439C094}.Release|ARM.ActiveCfg = Release|Any CPU
		{887857BE-1AFE-4DF1-8540-641EC439C094}.Release|ARM.Build.0 = Release|Any CPU
		{887857BE-1AFE-4DF1-8540-641EC439C094}.Release|x64.ActiveCfg = Release|x64
		{887857BE-1AFE-4DF1-8540-641EC439C094}.Release|x64.Build.0 = Release|x64
		{887857BE-1AFE-4DF1-8540-641EC439C094}.Release|x86.ActiveCfg = Release|Any CPU
		{887857BE-1AFE-4DF1-8540-641EC439C094}.Release|x86.Build.0 = Release|Any CPU
		{33088C70-06C3-4454-9837-388D5B01E7C7}.Debug|Any CPU.ActiveCfg = Debug|Any CPU
		{33088C70-06C3-4454-9837-388D5B01E7C7}.Debug|Any CPU.Build.0 = Debug|Any CPU
		{33088C70-06C3-4454-9837-388D5B01E7C7}.Debug|ARM.ActiveCfg = Debug|Any CPU
		{33088C70-06C3-4454-9837-388D5B01E7C7}.Debug|ARM.Build.0 = Debug|Any CPU
		{33088C70-06C3-4454-9837-388D5B01E7C7}.Debug|x64.ActiveCfg = Debug|x64
		{33088C70-06C3-4454-9837-388D5B01E7C7}.Debug|x64.Build.0 = Debug|x64
		{33088C70-06C3-4454-9837-388D5B01E7C7}.Debug|x86.ActiveCfg = Debug|Any CPU
		{33088C70-06C3-4454-9837-388D5B01E7C7}.Debug|x86.Build.0 = Debug|Any CPU
		{33088C70-06C3-4454-9837-388D5B01E7C7}.Release|Any CPU.ActiveCfg = Release|Any CPU
		{33088C70-06C3-4454-9837-388D5B01E7C7}.Release|Any CPU.Build.0 = Release|Any CPU
		{33088C70-06C3-4454-9837-388D5B01E7C7}.Release|ARM.ActiveCfg = Release|Any CPU
		{33088C70-06C3-4454-9837-388D5B01E7C7}.Release|ARM.Build.0 = Release|Any CPU
		{33088C70-06C3-4454-9837-388D5B01E7C7}.Release|x64.ActiveCfg = Release|x64
		{33088C70-06C3-4454-9837-388D5B01E7C7}.Release|x64.Build.0 = Release|x64
		{33088C70-06C3-4454-9837-388D5B01E7C7}.Release|x86.ActiveCfg = Release|Any CPU
		{33088C70-06C3-4454-9837-388D5B01E7C7}.Release|x86.Build.0 = Release|Any CPU
		{CE6279EA-511F-4F21-9E5C-9CF53FF45A84}.Debug|Any CPU.ActiveCfg = Debug|Any CPU
		{CE6279EA-511F-4F21-9E5C-9CF53FF45A84}.Debug|Any CPU.Build.0 = Debug|Any CPU
		{CE6279EA-511F-4F21-9E5C-9CF53FF45A84}.Debug|ARM.ActiveCfg = Debug|Any CPU
		{CE6279EA-511F-4F21-9E5C-9CF53FF45A84}.Debug|ARM.Build.0 = Debug|Any CPU
		{CE6279EA-511F-4F21-9E5C-9CF53FF45A84}.Debug|x64.ActiveCfg = Debug|x64
		{CE6279EA-511F-4F21-9E5C-9CF53FF45A84}.Debug|x64.Build.0 = Debug|x64
		{CE6279EA-511F-4F21-9E5C-9CF53FF45A84}.Debug|x86.ActiveCfg = Debug|Any CPU
		{CE6279EA-511F-4F21-9E5C-9CF53FF45A84}.Debug|x86.Build.0 = Debug|Any CPU
		{CE6279EA-511F-4F21-9E5C-9CF53FF45A84}.Release|Any CPU.ActiveCfg = Release|Any CPU
		{CE6279EA-511F-4F21-9E5C-9CF53FF45A84}.Release|Any CPU.Build.0 = Release|Any CPU
		{CE6279EA-511F-4F21-9E5C-9CF53FF45A84}.Release|ARM.ActiveCfg = Release|Any CPU
		{CE6279EA-511F-4F21-9E5C-9CF53FF45A84}.Release|ARM.Build.0 = Release|Any CPU
		{CE6279EA-511F-4F21-9E5C-9CF53FF45A84}.Release|x64.ActiveCfg = Release|Any CPU
		{CE6279EA-511F-4F21-9E5C-9CF53FF45A84}.Release|x64.Build.0 = Release|Any CPU
		{CE6279EA-511F-4F21-9E5C-9CF53FF45A84}.Release|x86.ActiveCfg = Release|Any CPU
		{CE6279EA-511F-4F21-9E5C-9CF53FF45A84}.Release|x86.Build.0 = Release|Any CPU
		{C849DA12-577F-4185-8FA7-C92375CDB466}.Debug|Any CPU.ActiveCfg = Debug|Any CPU
		{C849DA12-577F-4185-8FA7-C92375CDB466}.Debug|Any CPU.Build.0 = Debug|Any CPU
		{C849DA12-577F-4185-8FA7-C92375CDB466}.Debug|ARM.ActiveCfg = Debug|Any CPU
		{C849DA12-577F-4185-8FA7-C92375CDB466}.Debug|ARM.Build.0 = Debug|Any CPU
		{C849DA12-577F-4185-8FA7-C92375CDB466}.Debug|x64.ActiveCfg = Debug|x64
		{C849DA12-577F-4185-8FA7-C92375CDB466}.Debug|x64.Build.0 = Debug|x64
		{C849DA12-577F-4185-8FA7-C92375CDB466}.Debug|x86.ActiveCfg = Debug|Any CPU
		{C849DA12-577F-4185-8FA7-C92375CDB466}.Debug|x86.Build.0 = Debug|Any CPU
		{C849DA12-577F-4185-8FA7-C92375CDB466}.Release|Any CPU.ActiveCfg = Release|Any CPU
		{C849DA12-577F-4185-8FA7-C92375CDB466}.Release|Any CPU.Build.0 = Release|Any CPU
		{C849DA12-577F-4185-8FA7-C92375CDB466}.Release|ARM.ActiveCfg = Release|Any CPU
		{C849DA12-577F-4185-8FA7-C92375CDB466}.Release|ARM.Build.0 = Release|Any CPU
		{C849DA12-577F-4185-8FA7-C92375CDB466}.Release|x64.ActiveCfg = Release|Any CPU
		{C849DA12-577F-4185-8FA7-C92375CDB466}.Release|x64.Build.0 = Release|Any CPU
		{C849DA12-577F-4185-8FA7-C92375CDB466}.Release|x86.ActiveCfg = Release|Any CPU
		{C849DA12-577F-4185-8FA7-C92375CDB466}.Release|x86.Build.0 = Release|Any CPU
		{2E9CD0CE-7129-4FE1-A2D8-2B2DBEB65090}.Debug|Any CPU.ActiveCfg = Debug|Any CPU
		{2E9CD0CE-7129-4FE1-A2D8-2B2DBEB65090}.Debug|Any CPU.Build.0 = Debug|Any CPU
		{2E9CD0CE-7129-4FE1-A2D8-2B2DBEB65090}.Debug|ARM.ActiveCfg = Debug|Any CPU
		{2E9CD0CE-7129-4FE1-A2D8-2B2DBEB65090}.Debug|ARM.Build.0 = Debug|Any CPU
		{2E9CD0CE-7129-4FE1-A2D8-2B2DBEB65090}.Debug|x64.ActiveCfg = Debug|x64
		{2E9CD0CE-7129-4FE1-A2D8-2B2DBEB65090}.Debug|x64.Build.0 = Debug|x64
		{2E9CD0CE-7129-4FE1-A2D8-2B2DBEB65090}.Debug|x86.ActiveCfg = Debug|Any CPU
		{2E9CD0CE-7129-4FE1-A2D8-2B2DBEB65090}.Debug|x86.Build.0 = Debug|Any CPU
		{2E9CD0CE-7129-4FE1-A2D8-2B2DBEB65090}.Release|Any CPU.ActiveCfg = Release|Any CPU
		{2E9CD0CE-7129-4FE1-A2D8-2B2DBEB65090}.Release|Any CPU.Build.0 = Release|Any CPU
		{2E9CD0CE-7129-4FE1-A2D8-2B2DBEB65090}.Release|ARM.ActiveCfg = Release|Any CPU
		{2E9CD0CE-7129-4FE1-A2D8-2B2DBEB65090}.Release|ARM.Build.0 = Release|Any CPU
		{2E9CD0CE-7129-4FE1-A2D8-2B2DBEB65090}.Release|x64.ActiveCfg = Release|Any CPU
		{2E9CD0CE-7129-4FE1-A2D8-2B2DBEB65090}.Release|x64.Build.0 = Release|Any CPU
		{2E9CD0CE-7129-4FE1-A2D8-2B2DBEB65090}.Release|x86.ActiveCfg = Release|Any CPU
		{2E9CD0CE-7129-4FE1-A2D8-2B2DBEB65090}.Release|x86.Build.0 = Release|Any CPU
		{A8E4839A-EECC-48B5-97CA-45B77FD75035}.Debug|Any CPU.ActiveCfg = Debug|Any CPU
		{A8E4839A-EECC-48B5-97CA-45B77FD75035}.Debug|Any CPU.Build.0 = Debug|Any CPU
		{A8E4839A-EECC-48B5-97CA-45B77FD75035}.Debug|ARM.ActiveCfg = Debug|Any CPU
		{A8E4839A-EECC-48B5-97CA-45B77FD75035}.Debug|ARM.Build.0 = Debug|Any CPU
		{A8E4839A-EECC-48B5-97CA-45B77FD75035}.Debug|x64.ActiveCfg = Debug|x64
		{A8E4839A-EECC-48B5-97CA-45B77FD75035}.Debug|x64.Build.0 = Debug|x64
		{A8E4839A-EECC-48B5-97CA-45B77FD75035}.Debug|x86.ActiveCfg = Debug|Any CPU
		{A8E4839A-EECC-48B5-97CA-45B77FD75035}.Debug|x86.Build.0 = Debug|Any CPU
		{A8E4839A-EECC-48B5-97CA-45B77FD75035}.Release|Any CPU.ActiveCfg = Release|Any CPU
		{A8E4839A-EECC-48B5-97CA-45B77FD75035}.Release|Any CPU.Build.0 = Release|Any CPU
		{A8E4839A-EECC-48B5-97CA-45B77FD75035}.Release|ARM.ActiveCfg = Release|Any CPU
		{A8E4839A-EECC-48B5-97CA-45B77FD75035}.Release|ARM.Build.0 = Release|Any CPU
		{A8E4839A-EECC-48B5-97CA-45B77FD75035}.Release|x64.ActiveCfg = Release|Any CPU
		{A8E4839A-EECC-48B5-97CA-45B77FD75035}.Release|x64.Build.0 = Release|Any CPU
		{A8E4839A-EECC-48B5-97CA-45B77FD75035}.Release|x86.ActiveCfg = Release|Any CPU
		{A8E4839A-EECC-48B5-97CA-45B77FD75035}.Release|x86.Build.0 = Release|Any CPU
		{8FA1AB82-FC35-4955-9C76-159786B71EEF}.Debug|Any CPU.ActiveCfg = Debug|Any CPU
		{8FA1AB82-FC35-4955-9C76-159786B71EEF}.Debug|Any CPU.Build.0 = Debug|Any CPU
		{8FA1AB82-FC35-4955-9C76-159786B71EEF}.Debug|ARM.ActiveCfg = Debug|Any CPU
		{8FA1AB82-FC35-4955-9C76-159786B71EEF}.Debug|ARM.Build.0 = Debug|Any CPU
		{8FA1AB82-FC35-4955-9C76-159786B71EEF}.Debug|x64.ActiveCfg = Debug|x64
		{8FA1AB82-FC35-4955-9C76-159786B71EEF}.Debug|x64.Build.0 = Debug|x64
		{8FA1AB82-FC35-4955-9C76-159786B71EEF}.Debug|x86.ActiveCfg = Debug|Any CPU
		{8FA1AB82-FC35-4955-9C76-159786B71EEF}.Debug|x86.Build.0 = Debug|Any CPU
		{8FA1AB82-FC35-4955-9C76-159786B71EEF}.Release|Any CPU.ActiveCfg = Release|Any CPU
		{8FA1AB82-FC35-4955-9C76-159786B71EEF}.Release|Any CPU.Build.0 = Release|Any CPU
		{8FA1AB82-FC35-4955-9C76-159786B71EEF}.Release|ARM.ActiveCfg = Release|Any CPU
		{8FA1AB82-FC35-4955-9C76-159786B71EEF}.Release|ARM.Build.0 = Release|Any CPU
		{8FA1AB82-FC35-4955-9C76-159786B71EEF}.Release|x64.ActiveCfg = Release|Any CPU
		{8FA1AB82-FC35-4955-9C76-159786B71EEF}.Release|x64.Build.0 = Release|Any CPU
		{8FA1AB82-FC35-4955-9C76-159786B71EEF}.Release|x86.ActiveCfg = Release|Any CPU
		{8FA1AB82-FC35-4955-9C76-159786B71EEF}.Release|x86.Build.0 = Release|Any CPU
		{EEAEFC1A-322B-41EB-A5F1-1B7EE6702A62}.Debug|Any CPU.ActiveCfg = Debug|Any CPU
		{EEAEFC1A-322B-41EB-A5F1-1B7EE6702A62}.Debug|Any CPU.Build.0 = Debug|Any CPU
		{EEAEFC1A-322B-41EB-A5F1-1B7EE6702A62}.Debug|ARM.ActiveCfg = Debug|Any CPU
		{EEAEFC1A-322B-41EB-A5F1-1B7EE6702A62}.Debug|ARM.Build.0 = Debug|Any CPU
		{EEAEFC1A-322B-41EB-A5F1-1B7EE6702A62}.Debug|x64.ActiveCfg = Debug|x64
		{EEAEFC1A-322B-41EB-A5F1-1B7EE6702A62}.Debug|x64.Build.0 = Debug|x64
		{EEAEFC1A-322B-41EB-A5F1-1B7EE6702A62}.Debug|x86.ActiveCfg = Debug|Any CPU
		{EEAEFC1A-322B-41EB-A5F1-1B7EE6702A62}.Debug|x86.Build.0 = Debug|Any CPU
		{EEAEFC1A-322B-41EB-A5F1-1B7EE6702A62}.Release|Any CPU.ActiveCfg = Release|Any CPU
		{EEAEFC1A-322B-41EB-A5F1-1B7EE6702A62}.Release|Any CPU.Build.0 = Release|Any CPU
		{EEAEFC1A-322B-41EB-A5F1-1B7EE6702A62}.Release|ARM.ActiveCfg = Release|Any CPU
		{EEAEFC1A-322B-41EB-A5F1-1B7EE6702A62}.Release|ARM.Build.0 = Release|Any CPU
		{EEAEFC1A-322B-41EB-A5F1-1B7EE6702A62}.Release|x64.ActiveCfg = Release|Any CPU
		{EEAEFC1A-322B-41EB-A5F1-1B7EE6702A62}.Release|x64.Build.0 = Release|Any CPU
		{EEAEFC1A-322B-41EB-A5F1-1B7EE6702A62}.Release|x86.ActiveCfg = Release|Any CPU
		{EEAEFC1A-322B-41EB-A5F1-1B7EE6702A62}.Release|x86.Build.0 = Release|Any CPU
	EndGlobalSection
	GlobalSection(SolutionProperties) = preSolution
		HideSolutionNode = FALSE
	EndGlobalSection
EndGlobal
