
Microsoft Visual Studio Solution File, Format Version 12.00
# Visual Studio 14
VisualStudioVersion = 14.0.24720.0
MinimumVisualStudioVersion = 10.0.40219.1
Project("{FAE04EC0-301F-11D3-BF4B-00C04F79EFBC}") = "JoyConToPC", "JoyConToPC\JoyConToPC.csproj", "{221E9EFC-4B69-4163-922E-75209A47868D}"
EndProject
Project("{FAE04EC0-301F-11D3-BF4B-00C04F79EFBC}") = "JoyConToPC.Input", "JoyConToPC.Input\JoyConToPC.Input.csproj", "{E72BDB8D-362D-4F15-A6F2-E02E699B09F8}"
EndProject
Project("{FAE04EC0-301F-11D3-BF4B-00C04F79EFBC}") = "JoyConToPC.Core", "JoyConToPC.Core\JoyConToPC.Core.csproj", "{887857BE-1AFE-4DF1-8540-641EC439C094}"
EndProject
Project("{FAE04EC0-301F-11D3-BF4B-00C04F79EFBC}") = "JoyConToPC.VJoy", "JoyConToPC.VJoy\JoyConToPC.VJoy.csproj", "{33088C70-06C3-4454-9837-388D5B01E7C7}"
EndProject
Global
	GlobalSection(SolutionConfigurationPlatforms) = preSolution
		Debug|Any CPU = Debug|Any CPU
		Debug|ARM = Debug|ARM
		Debug|x64 = Debug|x64
		Debug|x86 = Debug|x86
		Release|Any CPU = Release|Any CPU
		Release|ARM = Release|ARM
		Release|x64 = Release|x64
		Release|x86 = Release|x86
	EndGlobalSection
	GlobalSection(ProjectConfigurationPlatforms) = postSolution
		{221E9EFC-4B69-4163-922E-75209A47868D}.Debug|Any CPU.ActiveCfg = Debug|Any CPU
		{221E9EFC-4B69-4163-922E-75209A47868D}.Debug|Any CPU.Build.0 = Debug|Any CPU
		{221E9EFC-4B69-4163-922E-75209A47868D}.Debug|ARM.ActiveCfg = Debug|Any CPU
		{221E9EFC-4B69-4163-922E-75209A47868D}.Debug|ARM.Build.0 = Debug|Any CPU
		{221E9EFC-4B69-4163-922E-75209A47868D}.Debug|x64.ActiveCfg = Debug|x64
		{221E9EFC-4B69-4163-922E-75209A47868D}.Debug|x64.Build.0 = Debug|x64
		{221E9EFC-4B69-4163-922E-75209A47868D}.Debug|x86.ActiveCfg = Debug|Any CPU
		{221E9EFC-4B69-4163-922E-75209A47868D}.Debug|x86.Build.0 = Debug|Any CPU
		{221E9EFC-4B69-4163-922E-75209A47868D}.Release|Any CPU.ActiveCfg = Release|Any CPU
		{221E9EFC-4B69-4163-922E-75209A47868D}.Release|Any CPU.Build.0 = Release|Any CPU
		{221E9EFC-4B69-4163-922E-75209A47868D}.Release|ARM.ActiveCfg = Release|Any CPU
		{221E9EFC-4B69-4163-922E-75209A47868D}.Release|ARM.Build.0 = Release|Any CPU
		{221E9EFC-4B69-4163-922E-75209A47868D}.Release|x64.ActiveCfg = Release|x64
		{221E9EFC-4B69-4163-922E-75209A47868D}.Release|x64.Build.0 = Release|x64
		{221E9EFC-4B69-4163-922E-75209A47868D}.Release|x86.ActiveCfg = Release|Any CPU
		{221E9EFC-4B69-4163-922E-75209A47868D}.Release|x86.Build.0 = Release|Any CPU
		{E72BDB8D-362D-4F15-A6F2-E02E699B09F8}.Debug|Any CPU.ActiveCfg = Debug|Any CPU
		{E72BDB8D-362D-4F15-A6F2-E02E699B09F8}.Debug|Any CPU.Build.0 = Debug|Any CPU
		{E72BDB8D-362D-4F15-A6F2-E02E699B09F8}.Debug|ARM.ActiveCfg = Debug|Any CPU
		{E72BDB8D-362D-4F15-A6F2-E02E699B09F8}.Debug|ARM.Build.0 = Debug|Any CPU
		{E72BDB8D-362D-4F15-A6F2-E02E699B09F8}.Debug|x64.ActiveCfg = Debug|x64
		{E72BDB8D-362D-4F15-A6F2-E02E699B09F8}.Debug|x64.Build.0 = Debug|x64
		{E72BDB8D-362D-4F15-A6F2-E02E699B09F8}.Debug|x86.ActiveCfg = Debug|Any CPU
		{E72BDB8D-362D-4F15-A6F2-E02E699B09F8}.Debug|x86.Build.0 = Debug|Any CPU
		{E72BDB8D-362D-4F15-A6F2-E02E699B09F8}.Release|Any CPU.ActiveCfg = Release|Any CPU
		{E72BDB8D-362D-4F15-A6F2-E02E699B09F8}.Release|Any CPU.Build.0 = Release|Any CPU
		{E72BDB8D-362D-4F15-A6F2-E02E699B09F8}.Release|ARM.ActiveCfg = Release|Any CPU
		{E72BDB8D-362D-4F15-A6F2-E02E699B09F8}.Release|ARM.Build.0 = Release|Any CPU
		{E72BDB8D-362D-4F15-A6F2-E02E699B09F8}.Release|x64.ActiveCfg = Release|x64
		{E72BDB8D-362D-4F15-A6F2-E02E699B09F8}.Release|x64.Build.0 = Release|x64
		{E72BDB8D-362D-4F15-A6F2-E02E699B09F8}.Release|x86.ActiveCfg = Release|Any CPU
		{E72BDB8D-362D-4F15-A6F2-E02E699B09F8}.Release|x86.Build.0 = Release|Any CPU
		{887857BE-1AFE-4DF1-8540-641EC439C094}.Debug|Any CPU.ActiveCfg = Debug|Any CPU
		{887857BE-1AFE-4DF1-8540-641EC439C094}.Debug|Any CPU.Build.0 = Debug|Any CPU
		{887857BE-1AFE-4DF1-8540-641EC439C094}.Debug|ARM.ActiveCfg = Debug|Any CPU
		{887857BE-1AFE-4DF1-8540-641EC439C094}.Debug|ARM.Build.0 = Debug|Any CPU
		{887857BE-1AFE-4DF1-8540-641EC439C094}.Debug|x64.ActiveCfg = Debug|x64
		{887857BE-1AFE-4DF1-8540-641EC439C094}.Debug|x64.Build.0 = Debug|x64
		{887857BE-1AFE-4DF1-8540-641EC439C094}.Debug|x86.ActiveCfg = Debug|Any CPU
		{887857BE-1AFE-4DF1-8540-641EC439C094}.Debug|x86.Build.0 = Debug|Any CPU
		{887857BE-1AFE-4DF1-8540-641EC439C094}.Release|Any CPU.ActiveCfg = Release|Any CPU
		{887857BE-1AFE-4DF1-8540-641EC439C094}.Release|Any CPU.Build.0 = Release|Any CPU
		{887857BE-1AFE-4DF1-8540-641EC439C094}.Release|ARM.ActiveCfg = Release|Any CPU
		{887857BE-1AFE-4DF1-8540-641EC439C094}.Release|ARM.Build.0 = Release|Any CPU
		{887857BE-1AFE-4DF1-8540-641EC439C094}.Release|x64.ActiveCfg = Release|x64
		{887857BE-1AFE-4DF1-8540-641EC439C094}.Release|x64.Build.0 = Release|x64
		{887857BE-1AFE-4DF1-8540-641EC439C094}.Release|x86.ActiveCfg = Release|Any CPU
		{887857BE-1AFE-4DF1-8540-641EC439C094}.Release|x86.Build.0 = Release|Any CPU
		{33088C70-06C3-4454-9837-388D5B01E7C7}.Debug|Any CPU.ActiveCfg = Debug|Any CPU
		{33088C70-06C3-4454-9837-388D5B01E7C7}.Debug|Any CPU.Build.0 = Debug|Any CPU
		{33088C70-06C3-4454-9837-388D5B01E7C7}.Debug|ARM.ActiveCfg = Debug|Any CPU
		{33088C70-06C3-4454-9837-388D5B01E7C7}.Debug|ARM.Build.0 = Debug|Any CPU
		{33088C70-06C3-4454-9837-388D5B01E7C7}.Debug|x64.ActiveCfg = Debug|x64
		{33088C70-06C3-4454-9837-388D5B01E7C7}.Debug|x64.Build.0 = Debug|x64
		{33088C70-06C3-4454-9837-388D5B01E7C7}.Debug|x86.ActiveCfg = Debug|Any CPU
		{33088C70-06C3-4454-9837-388D5B01E7C7}.Debug|x86.Build.0 = Debug|Any CPU
		{33088C70-06C3-4454-9837-388D5B01E7C7}.Release|Any CPU.ActiveCfg = Release|Any CPU
		{33088C70-06C3-4454-9837-388D5B01E7C7}.Release|Any CPU.Build.0 = Release|Any CPU
		{33088C70-06C3-4454-9837-388D5B01E7C7}.Release|ARM.ActiveCfg = Release|Any CPU
		{33088C70-06C3-4454-9837-388D5B01E7C7}.Release|ARM.Build.0 = Release|Any CPU
		{33088C70-06C3-4454-9837-388D5B01E7C7}.Release|x64.ActiveCfg = Release|x64
		{33088C70-06C3-4454-9837-388D5B01E7C7}.Release|x64.Build.0 = Release|x64
		{33088C70-06C3-4454-9837-388D5B01E7C7}.Release|x86.ActiveCfg = Release|Any CPU
		{33088C70-06C3-4454-9837-388D5B01E7C7}.Release|x86.Build.0 = Release|Any CPU
	EndGlobalSection
	GlobalSection(SolutionProperties) = preSolution
		HideSolutionNode = FALSE
	EndGlobalSection
EndGlobal
